
Microsoft Visual Studio Solution File, Format Version 12.00
# Visual Studio 15
Project("{FAE04EC0-301F-11D3-BF4B-00C04F79EFBC}") = "Assembly-CSharp-Editor", "Assembly-CSharp-Editor.csproj", "{AA3FA377-3E44-2DCB-568A-604ABCEA6602}"
EndProject
Global
	GlobalSection(SolutionConfigurationPlatforms) = preSolution
		Debug|Any CPU = Debug|Any CPU
		Release|Any CPU = Release|Any CPU
	EndGlobalSection
	GlobalSection(ProjectConfigurationPlatforms) = postSolution
		{AA3FA377-3E44-2DCB-568A-604ABCEA6602}.Debug|Any CPU.ActiveCfg = Debug|Any CPU
		{AA3FA377-3E44-2DCB-568A-604ABCEA6602}.Debug|Any CPU.Build.0 = Debug|Any CPU
		{AA3FA377-3E44-2DCB-568A-604ABCEA6602}.Release|Any CPU.ActiveCfg = Release|Any CPU
		{AA3FA377-3E44-2DCB-568A-604ABCEA6602}.Release|Any CPU.Build.0 = Release|Any CPU
	EndGlobalSection
	GlobalSection(SolutionProperties) = preSolution
		HideSolutionNode = FALSE
	EndGlobalSection
EndGlobal
